
Microsoft Visual Studio Solution File, Format Version 12.00
# Visual Studio Version 17
VisualStudioVersion = 17.14.36429.23 d17.14
MinimumVisualStudioVersion = 10.0.40219.1
Project("{FAE04EC0-301F-11D3-BF4B-00C04F79EFBC}") = "TempleManagement", "TempleManagement\TempleManagement.csproj", "{517E0BE8-6620-4C43-BE6D-EF70689FA567}"
EndProject
Global
	GlobalSection(SolutionConfigurationPlatforms) = preSolution
		Debug|Any CPU = Debug|Any CPU
		Release|Any CPU = Release|Any CPU
	EndGlobalSection
	GlobalSection(ProjectConfigurationPlatforms) = postSolution
		{517E0BE8-6620-4C43-BE6D-EF70689FA567}.Debug|Any CPU.ActiveCfg = Debug|Any CPU
		{517E0BE8-6620-4C43-BE6D-EF70689FA567}.Debug|Any CPU.Build.0 = Debug|Any CPU
		{517E0BE8-6620-4C43-BE6D-EF70689FA567}.Release|Any CPU.ActiveCfg = Release|Any CPU
		{517E0BE8-6620-4C43-BE6D-EF70689FA567}.Release|Any CPU.Build.0 = Release|Any CPU
	EndGlobalSection
	GlobalSection(SolutionProperties) = preSolution
		HideSolutionNode = FALSE
	EndGlobalSection
	GlobalSection(ExtensibilityGlobals) = postSolution
		SolutionGuid = {3F4801D0-F234-4B90-BD34-4F539FBB6F32}
	EndGlobalSection
EndGlobal
